
Microsoft Visual Studio Solution File, Format Version 12.00
# Visual Studio Version 17
VisualStudioVersion = 17.0.32014.148
MinimumVisualStudioVersion = 10.0.40219.1
Project("{9A19103F-16F7-4668-BE54-9A1E7A4F7556}") = "DataAccess", "DataAccess\DataAccess.csproj", "{277B7388-DFD2-4FB5-ADD8-2E6F4BD2F95F}"
EndProject
Project("{9A19103F-16F7-4668-BE54-9A1E7A4F7556}") = "Entities", "Entities\Entities.csproj", "{0EB7E3B9-F510-433F-8A2F-5FAAD4C05A85}"
EndProject
Project("{9A19103F-16F7-4668-BE54-9A1E7A4F7556}") = "Business", "Business\Business.csproj", "{505B605D-DE86-4DEF-833D-A47712512E66}"
EndProject
Project("{9A19103F-16F7-4668-BE54-9A1E7A4F7556}") = "Core", "Core\Core.csproj", "{80DC5A4F-2F80-4043-8124-9BE205FF7414}"
EndProject
Project("{9A19103F-16F7-4668-BE54-9A1E7A4F7556}") = "WebAPI", "WebAPI\WebAPI.csproj", "{B3A8EDCB-0EFC-4CBC-B9EB-5A0007CD3CE6}"
EndProject
Global
	GlobalSection(SolutionConfigurationPlatforms) = preSolution
		Debug|Any CPU = Debug|Any CPU
		Release|Any CPU = Release|Any CPU
	EndGlobalSection
	GlobalSection(ProjectConfigurationPlatforms) = postSolution
		{277B7388-DFD2-4FB5-ADD8-2E6F4BD2F95F}.Debug|Any CPU.ActiveCfg = Debug|Any CPU
		{277B7388-DFD2-4FB5-ADD8-2E6F4BD2F95F}.Debug|Any CPU.Build.0 = Debug|Any CPU
		{277B7388-DFD2-4FB5-ADD8-2E6F4BD2F95F}.Release|Any CPU.ActiveCfg = Release|Any CPU
		{277B7388-DFD2-4FB5-ADD8-2E6F4BD2F95F}.Release|Any CPU.Build.0 = Release|Any CPU
		{0EB7E3B9-F510-433F-8A2F-5FAAD4C05A85}.Debug|Any CPU.ActiveCfg = Debug|Any CPU
		{0EB7E3B9-F510-433F-8A2F-5FAAD4C05A85}.Debug|Any CPU.Build.0 = Debug|Any CPU
		{0EB7E3B9-F510-433F-8A2F-5FAAD4C05A85}.Release|Any CPU.ActiveCfg = Release|Any CPU
		{0EB7E3B9-F510-433F-8A2F-5FAAD4C05A85}.Release|Any CPU.Build.0 = Release|Any CPU
		{505B605D-DE86-4DEF-833D-A47712512E66}.Debug|Any CPU.ActiveCfg = Debug|Any CPU
		{505B605D-DE86-4DEF-833D-A47712512E66}.Debug|Any CPU.Build.0 = Debug|Any CPU
		{505B605D-DE86-4DEF-833D-A47712512E66}.Release|Any CPU.ActiveCfg = Release|Any CPU
		{505B605D-DE86-4DEF-833D-A47712512E66}.Release|Any CPU.Build.0 = Release|Any CPU
		{80DC5A4F-2F80-4043-8124-9BE205FF7414}.Debug|Any CPU.ActiveCfg = Debug|Any CPU
		{80DC5A4F-2F80-4043-8124-9BE205FF7414}.Debug|Any CPU.Build.0 = Debug|Any CPU
		{80DC5A4F-2F80-4043-8124-9BE205FF7414}.Release|Any CPU.ActiveCfg = Release|Any CPU
		{80DC5A4F-2F80-4043-8124-9BE205FF7414}.Release|Any CPU.Build.0 = Release|Any CPU
		{B3A8EDCB-0EFC-4CBC-B9EB-5A0007CD3CE6}.Debug|Any CPU.ActiveCfg = Debug|Any CPU
		{B3A8EDCB-0EFC-4CBC-B9EB-5A0007CD3CE6}.Debug|Any CPU.Build.0 = Debug|Any CPU
		{B3A8EDCB-0EFC-4CBC-B9EB-5A0007CD3CE6}.Release|Any CPU.ActiveCfg = Release|Any CPU
		{B3A8EDCB-0EFC-4CBC-B9EB-5A0007CD3CE6}.Release|Any CPU.Build.0 = Release|Any CPU
	EndGlobalSection
	GlobalSection(SolutionProperties) = preSolution
		HideSolutionNode = FALSE
	EndGlobalSection
	GlobalSection(ExtensibilityGlobals) = postSolution
		SolutionGuid = {EE5B78A2-57F7-45AF-A3FD-27C979D89A8F}
	EndGlobalSection
EndGlobal
